
Microsoft Visual Studio Solution File, Format Version 12.00
Project("{F2A71F9B-5D33-465A-A702-920D77279786}") = "HelloWorld", "fsharp\hello-world\HelloWorld.fsproj", "{B7BFC5B5-D09C-4FC5-80FA-342417E2D7BA}"
EndProject
Project("{F2A71F9B-5D33-465A-A702-920D77279786}") = "TwoFer", "fsharp\two-fer\TwoFer.fsproj", "{EB2F109B-9154-4643-9F3A-DDDB943CBFF4}"
EndProject
Project("{F2A71F9B-5D33-465A-A702-920D77279786}") = "Leap", "fsharp\leap\Leap.fsproj", "{D74D3214-9A3C-45F0-8095-E2E5C39A032C}"
EndProject
Project("{F2A71F9B-5D33-465A-A702-920D77279786}") = "Accumulate", "fsharp\accumulate\Accumulate.fsproj", "{C582DEE6-3252-4C85-9B99-B9A897180668}"
EndProject
Project("{F2A71F9B-5D33-465A-A702-920D77279786}") = "Bob", "fsharp\bob\Bob.fsproj", "{32808065-357E-4D73-84DA-E29EEDC330FF}"
EndProject
Global
	GlobalSection(SolutionConfigurationPlatforms) = preSolution
		Debug|Any CPU = Debug|Any CPU
		Release|Any CPU = Release|Any CPU
	EndGlobalSection
	GlobalSection(ProjectConfigurationPlatforms) = postSolution
		{B7BFC5B5-D09C-4FC5-80FA-342417E2D7BA}.Debug|Any CPU.ActiveCfg = Debug|Any CPU
		{B7BFC5B5-D09C-4FC5-80FA-342417E2D7BA}.Debug|Any CPU.Build.0 = Debug|Any CPU
		{B7BFC5B5-D09C-4FC5-80FA-342417E2D7BA}.Release|Any CPU.ActiveCfg = Release|Any CPU
		{B7BFC5B5-D09C-4FC5-80FA-342417E2D7BA}.Release|Any CPU.Build.0 = Release|Any CPU
		{EB2F109B-9154-4643-9F3A-DDDB943CBFF4}.Debug|Any CPU.ActiveCfg = Debug|Any CPU
		{EB2F109B-9154-4643-9F3A-DDDB943CBFF4}.Debug|Any CPU.Build.0 = Debug|Any CPU
		{EB2F109B-9154-4643-9F3A-DDDB943CBFF4}.Release|Any CPU.ActiveCfg = Release|Any CPU
		{EB2F109B-9154-4643-9F3A-DDDB943CBFF4}.Release|Any CPU.Build.0 = Release|Any CPU
		{D74D3214-9A3C-45F0-8095-E2E5C39A032C}.Debug|Any CPU.ActiveCfg = Debug|Any CPU
		{D74D3214-9A3C-45F0-8095-E2E5C39A032C}.Debug|Any CPU.Build.0 = Debug|Any CPU
		{D74D3214-9A3C-45F0-8095-E2E5C39A032C}.Release|Any CPU.ActiveCfg = Release|Any CPU
		{D74D3214-9A3C-45F0-8095-E2E5C39A032C}.Release|Any CPU.Build.0 = Release|Any CPU
		{C582DEE6-3252-4C85-9B99-B9A897180668}.Debug|Any CPU.ActiveCfg = Debug|Any CPU
		{C582DEE6-3252-4C85-9B99-B9A897180668}.Debug|Any CPU.Build.0 = Debug|Any CPU
		{C582DEE6-3252-4C85-9B99-B9A897180668}.Release|Any CPU.ActiveCfg = Release|Any CPU
		{C582DEE6-3252-4C85-9B99-B9A897180668}.Release|Any CPU.Build.0 = Release|Any CPU
		{32808065-357E-4D73-84DA-E29EEDC330FF}.Debug|Any CPU.ActiveCfg = Debug|Any CPU
		{32808065-357E-4D73-84DA-E29EEDC330FF}.Debug|Any CPU.Build.0 = Debug|Any CPU
		{32808065-357E-4D73-84DA-E29EEDC330FF}.Release|Any CPU.ActiveCfg = Release|Any CPU
		{32808065-357E-4D73-84DA-E29EEDC330FF}.Release|Any CPU.Build.0 = Release|Any CPU
	EndGlobalSection
EndGlobal
